// !$*UTF8*$!
{
	archiveVersion = 1;
	classes = {
	};
	objectVersion = 46;
	objects = {

/* Begin PBXBuildFile section */
		3FF508701EBE1F25002ECEA7 /* Default-568h@2x.png in Resources */ = {isa = PBXBuildFile; fileRef = 3FF5086F1EBE1F25002ECEA7 /* Default-568h@2x.png */; };
		3FF508981EBE2453002ECEA7 /* Assets.xcassets in Resources */ = {isa = PBXBuildFile; fileRef = 3FF508721EBE2452002ECEA7 /* Assets.xcassets */; };
		3FF508991EBE2453002ECEA7 /* AppDelegate.m in Sources */ = {isa = PBXBuildFile; fileRef = 3FF508751EBE2452002ECEA7 /* AppDelegate.m */; };
		3FF5089A1EBE2453002ECEA7 /* LaunchScreen.storyboard in Resources */ = {isa = PBXBuildFile; fileRef = 3FF508761EBE2452002ECEA7 /* LaunchScreen.storyboard */; };
		3FF5089B1EBE2453002ECEA7 /* Main.storyboard in Resources */ = {isa = PBXBuildFile; fileRef = 3FF508781EBE2452002ECEA7 /* Main.storyboard */; };
		3FF5089C1EBE2453002ECEA7 /* Info.plist in Resources */ = {isa = PBXBuildFile; fileRef = 3FF5087A1EBE2452002ECEA7 /* Info.plist */; };
		3FF5089D1EBE2453002ECEA7 /* main.m in Sources */ = {isa = PBXBuildFile; fileRef = 3FF5087B1EBE2452002ECEA7 /* main.m */; };
		3FF5089E1EBE2453002ECEA7 /* TableViewController.m in Sources */ = {isa = PBXBuildFile; fileRef = 3FF5087D1EBE2452002ECEA7 /* TableViewController.m */; };
		3FF5089F1EBE2453002ECEA7 /* VisualeffectTableViewController.m in Sources */ = {isa = PBXBuildFile; fileRef = 3FF5087F1EBE2452002ECEA7 /* VisualeffectTableViewController.m */; };
		3FF508A01EBE2453002ECEA7 /* DealImageViewController.m in Sources */ = {isa = PBXBuildFile; fileRef = 3FF508821EBE2452002ECEA7 /* DealImageViewController.m */; };
		3FF508A11EBE2453002ECEA7 /* DealImageViewController.xib in Resources */ = {isa = PBXBuildFile; fileRef = 3FF508831EBE2452002ECEA7 /* DealImageViewController.xib */; };
		3FF508A21EBE2453002ECEA7 /* fourViewController.m in Sources */ = {isa = PBXBuildFile; fileRef = 3FF508861EBE2453002ECEA7 /* fourViewController.m */; };
		3FF508A31EBE2453002ECEA7 /* fourViewController.xib in Resources */ = {isa = PBXBuildFile; fileRef = 3FF508871EBE2453002ECEA7 /* fourViewController.xib */; };
		3FF508A41EBE2453002ECEA7 /* maskViewController.m in Sources */ = {isa = PBXBuildFile; fileRef = 3FF508891EBE2453002ECEA7 /* maskViewController.m */; };
		3FF508A51EBE2453002ECEA7 /* maskViewController.xib in Resources */ = {isa = PBXBuildFile; fileRef = 3FF5088A1EBE2453002ECEA7 /* maskViewController.xib */; };
		3FF508A61EBE2453002ECEA7 /* oneViewController.m in Sources */ = {isa = PBXBuildFile; fileRef = 3FF5088C1EBE2453002ECEA7 /* oneViewController.m */; };
		3FF508A71EBE2453002ECEA7 /* threeViewController.m in Sources */ = {isa = PBXBuildFile; fileRef = 3FF5088E1EBE2453002ECEA7 /* threeViewController.m */; };
		3FF508A81EBE2453002ECEA7 /* threeViewController.xib in Resources */ = {isa = PBXBuildFile; fileRef = 3FF5088F1EBE2453002ECEA7 /* threeViewController.xib */; };
		3FF508A91EBE2453002ECEA7 /* twoViewController.m in Sources */ = {isa = PBXBuildFile; fileRef = 3FF508911EBE2453002ECEA7 /* twoViewController.m */; };
		3FF508AA1EBE2453002ECEA7 /* twoViewController.xib in Resources */ = {isa = PBXBuildFile; fileRef = 3FF508921EBE2453002ECEA7 /* twoViewController.xib */; };
		3FF508AB1EBE2453002ECEA7 /* ViewController.m in Sources */ = {isa = PBXBuildFile; fileRef = 3FF508941EBE2453002ECEA7 /* ViewController.m */; };
		3FF508AC1EBE2453002ECEA7 /* ZJViewController.m in Sources */ = {isa = PBXBuildFile; fileRef = 3FF508961EBE2453002ECEA7 /* ZJViewController.m */; };
		3FF508AD1EBE2453002ECEA7 /* ZJViewController.xib in Resources */ = {isa = PBXBuildFile; fileRef = 3FF508971EBE2453002ECEA7 /* ZJViewController.xib */; };
/* End PBXBuildFile section */

/* Begin PBXFileReference section */
		3F8455B81E9C0EA300DC97C4 /* 核心动画.app */ = {isa = PBXFileReference; explicitFileType = wrapper.application; includeInIndex = 0; path = "核心动画.app"; sourceTree = BUILT_PRODUCTS_DIR; };
		3FF5086F1EBE1F25002ECEA7 /* Default-568h@2x.png */ = {isa = PBXFileReference; lastKnownFileType = image.png; path = "Default-568h@2x.png"; sourceTree = "<group>"; };
		3FF508721EBE2452002ECEA7 /* Assets.xcassets */ = {isa = PBXFileReference; lastKnownFileType = folder.assetcatalog; path = Assets.xcassets; sourceTree = "<group>"; };
		3FF508741EBE2452002ECEA7 /* AppDelegate.h */ = {isa = PBXFileReference; fileEncoding = 4; lastKnownFileType = sourcecode.c.h; path = AppDelegate.h; sourceTree = "<group>"; };
		3FF508751EBE2452002ECEA7 /* AppDelegate.m */ = {isa = PBXFileReference; fileEncoding = 4; lastKnownFileType = sourcecode.c.objc; path = AppDelegate.m; sourceTree = "<group>"; };
		3FF508771EBE2452002ECEA7 /* Base */ = {isa = PBXFileReference; lastKnownFileType = file.storyboard; name = Base; path = Base.lproj/LaunchScreen.storyboard; sourceTree = "<group>"; };
		3FF508791EBE2452002ECEA7 /* Base */ = {isa = PBXFileReference; lastKnownFileType = file.storyboard; name = Base; path = Base.lproj/Main.storyboard; sourceTree = "<group>"; };
		3FF5087A1EBE2452002ECEA7 /* Info.plist */ = {isa = PBXFileReference; fileEncoding = 4; lastKnownFileType = text.plist.xml; path = Info.plist; sourceTree = "<group>"; };
		3FF5087B1EBE2452002ECEA7 /* main.m */ = {isa = PBXFileReference; fileEncoding = 4; lastKnownFileType = sourcecode.c.objc; path = main.m; sourceTree = "<group>"; };
		3FF5087C1EBE2452002ECEA7 /* TableViewController.h */ = {isa = PBXFileReference; fileEncoding = 4; lastKnownFileType = sourcecode.c.h; path = TableViewController.h; sourceTree = "<group>"; };
		3FF5087D1EBE2452002ECEA7 /* TableViewController.m */ = {isa = PBXFileReference; fileEncoding = 4; lastKnownFileType = sourcecode.c.objc; path = TableViewController.m; sourceTree = "<group>"; };
		3FF5087E1EBE2452002ECEA7 /* VisualeffectTableViewController.h */ = {isa = PBXFileReference; fileEncoding = 4; lastKnownFileType = sourcecode.c.h; path = VisualeffectTableViewController.h; sourceTree = "<group>"; };
		3FF5087F1EBE2452002ECEA7 /* VisualeffectTableViewController.m */ = {isa = PBXFileReference; fileEncoding = 4; lastKnownFileType = sourcecode.c.objc; path = VisualeffectTableViewController.m; sourceTree = "<group>"; };
		3FF508811EBE2452002ECEA7 /* DealImageViewController.h */ = {isa = PBXFileReference; fileEncoding = 4; lastKnownFileType = sourcecode.c.h; path = DealImageViewController.h; sourceTree = "<group>"; };
		3FF508821EBE2452002ECEA7 /* DealImageViewController.m */ = {isa = PBXFileReference; fileEncoding = 4; lastKnownFileType = sourcecode.c.objc; path = DealImageViewController.m; sourceTree = "<group>"; };
		3FF508831EBE2452002ECEA7 /* DealImageViewController.xib */ = {isa = PBXFileReference; fileEncoding = 4; lastKnownFileType = file.xib; path = DealImageViewController.xib; sourceTree = "<group>"; };
		3FF508851EBE2453002ECEA7 /* fourViewController.h */ = {isa = PBXFileReference; fileEncoding = 4; lastKnownFileType = sourcecode.c.h; path = fourViewController.h; sourceTree = "<group>"; };
		3FF508861EBE2453002ECEA7 /* fourViewController.m */ = {isa = PBXFileReference; fileEncoding = 4; lastKnownFileType = sourcecode.c.objc; path = fourViewController.m; sourceTree = "<group>"; };
		3FF508871EBE2453002ECEA7 /* fourViewController.xib */ = {isa = PBXFileReference; fileEncoding = 4; lastKnownFileType = file.xib; path = fourViewController.xib; sourceTree = "<group>"; };
		3FF508881EBE2453002ECEA7 /* maskViewController.h */ = {isa = PBXFileReference; fileEncoding = 4; lastKnownFileType = sourcecode.c.h; path = maskViewController.h; sourceTree = "<group>"; };
		3FF508891EBE2453002ECEA7 /* maskViewController.m */ = {isa = PBXFileReference; fileEncoding = 4; lastKnownFileType = sourcecode.c.objc; path = maskViewController.m; sourceTree = "<group>"; };
		3FF5088A1EBE2453002ECEA7 /* maskViewController.xib */ = {isa = PBXFileReference; fileEncoding = 4; lastKnownFileType = file.xib; path = maskViewController.xib; sourceTree = "<group>"; };
		3FF5088B1EBE2453002ECEA7 /* oneViewController.h */ = {isa = PBXFileReference; fileEncoding = 4; lastKnownFileType = sourcecode.c.h; path = oneViewController.h; sourceTree = "<group>"; };
		3FF5088C1EBE2453002ECEA7 /* oneViewController.m */ = {isa = PBXFileReference; fileEncoding = 4; lastKnownFileType = sourcecode.c.objc; path = oneViewController.m; sourceTree = "<group>"; };
		3FF5088D1EBE2453002ECEA7 /* threeViewController.h */ = {isa = PBXFileReference; fileEncoding = 4; lastKnownFileType = sourcecode.c.h; path = threeViewController.h; sourceTree = "<group>"; };
		3FF5088E1EBE2453002ECEA7 /* threeViewController.m */ = {isa = PBXFileReference; fileEncoding = 4; lastKnownFileType = sourcecode.c.objc; path = threeViewController.m; sourceTree = "<group>"; };
		3FF5088F1EBE2453002ECEA7 /* threeViewController.xib */ = {isa = PBXFileReference; fileEncoding = 4; lastKnownFileType = file.xib; path = threeViewController.xib; sourceTree = "<group>"; };
		3FF508901EBE2453002ECEA7 /* twoViewController.h */ = {isa = PBXFileReference; fileEncoding = 4; lastKnownFileType = sourcecode.c.h; path = twoViewController.h; sourceTree = "<group>"; };
		3FF508911EBE2453002ECEA7 /* twoViewController.m */ = {isa = PBXFileReference; fileEncoding = 4; lastKnownFileType = sourcecode.c.objc; path = twoViewController.m; sourceTree = "<group>"; };
		3FF508921EBE2453002ECEA7 /* twoViewController.xib */ = {isa = PBXFileReference; fileEncoding = 4; lastKnownFileType = file.xib; path = twoViewController.xib; sourceTree = "<group>"; };
		3FF508931EBE2453002ECEA7 /* ViewController.h */ = {isa = PBXFileReference; fileEncoding = 4; lastKnownFileType = sourcecode.c.h; path = ViewController.h; sourceTree = "<group>"; };
		3FF508941EBE2453002ECEA7 /* ViewController.m */ = {isa = PBXFileReference; fileEncoding = 4; lastKnownFileType = sourcecode.c.objc; path = ViewController.m; sourceTree = "<group>"; };
		3FF508951EBE2453002ECEA7 /* ZJViewController.h */ = {isa = PBXFileReference; fileEncoding = 4; lastKnownFileType = sourcecode.c.h; path = ZJViewController.h; sourceTree = "<group>"; };
		3FF508961EBE2453002ECEA7 /* ZJViewController.m */ = {isa = PBXFileReference; fileEncoding = 4; lastKnownFileType = sourcecode.c.objc; path = ZJViewController.m; sourceTree = "<group>"; };
		3FF508971EBE2453002ECEA7 /* ZJViewController.xib */ = {isa = PBXFileReference; fileEncoding = 4; lastKnownFileType = file.xib; path = ZJViewController.xib; sourceTree = "<group>"; };
/* End PBXFileReference section */

/* Begin PBXFrameworksBuildPhase section */
		3F8455B51E9C0EA300DC97C4 /* Frameworks */ = {
			isa = PBXFrameworksBuildPhase;
			buildActionMask = 2147483647;
			files = (
			);
			runOnlyForDeploymentPostprocessing = 0;
		};
/* End PBXFrameworksBuildPhase section */

/* Begin PBXGroup section */
		3F8455AF1E9C0EA300DC97C4 = {
			isa = PBXGroup;
			children = (
				3FF508711EBE2452002ECEA7 /* 核心动画 */,
				3FF5086F1EBE1F25002ECEA7 /* Default-568h@2x.png */,
				3F8455B91E9C0EA300DC97C4 /* Products */,
			);
			sourceTree = "<group>";
		};
		3F8455B91E9C0EA300DC97C4 /* Products */ = {
			isa = PBXGroup;
			children = (
				3F8455B81E9C0EA300DC97C4 /* 核心动画.app */,
			);
			name = Products;
			sourceTree = "<group>";
		};
		3FF508711EBE2452002ECEA7 /* 核心动画 */ = {
			isa = PBXGroup;
			children = (
				3FF508721EBE2452002ECEA7 /* Assets.xcassets */,
				3FF508731EBE2452002ECEA7 /* Other */,
				3FF508801EBE2452002ECEA7 /* 拉伸过滤 */,
				3FF508841EBE2452002ECEA7 /* 视觉效果 */,
			);
			path = "核心动画";
			sourceTree = "<group>";
		};
		3FF508731EBE2452002ECEA7 /* Other */ = {
			isa = PBXGroup;
			children = (
				3FF508741EBE2452002ECEA7 /* AppDelegate.h */,
				3FF508751EBE2452002ECEA7 /* AppDelegate.m */,
				3FF508761EBE2452002ECEA7 /* LaunchScreen.storyboard */,
				3FF508781EBE2452002ECEA7 /* Main.storyboard */,
				3FF5087A1EBE2452002ECEA7 /* Info.plist */,
				3FF5087B1EBE2452002ECEA7 /* main.m */,
				3FF5087C1EBE2452002ECEA7 /* TableViewController.h */,
				3FF5087D1EBE2452002ECEA7 /* TableViewController.m */,
				3FF5087E1EBE2452002ECEA7 /* VisualeffectTableViewController.h */,
				3FF5087F1EBE2452002ECEA7 /* VisualeffectTableViewController.m */,
			);
			path = Other;
			sourceTree = "<group>";
		};
		3FF508801EBE2452002ECEA7 /* 拉伸过滤 */ = {
			isa = PBXGroup;
			children = (
				3FF508811EBE2452002ECEA7 /* DealImageViewController.h */,
				3FF508821EBE2452002ECEA7 /* DealImageViewController.m */,
				3FF508831EBE2452002ECEA7 /* DealImageViewController.xib */,
			);
			path = "拉伸过滤";
			sourceTree = "<group>";
		};
		3FF508841EBE2452002ECEA7 /* 视觉效果 */ = {
			isa = PBXGroup;
			children = (
				3FF508851EBE2453002ECEA7 /* fourViewController.h */,
				3FF508861EBE2453002ECEA7 /* fourViewController.m */,
				3FF508871EBE2453002ECEA7 /* fourViewController.xib */,
				3FF508881EBE2453002ECEA7 /* maskViewController.h */,
				3FF508891EBE2453002ECEA7 /* maskViewController.m */,
				3FF5088A1EBE2453002ECEA7 /* maskViewController.xib */,
				3FF5088B1EBE2453002ECEA7 /* oneViewController.h */,
				3FF5088C1EBE2453002ECEA7 /* oneViewController.m */,
				3FF5088D1EBE2453002ECEA7 /* threeViewController.h */,
				3FF5088E1EBE2453002ECEA7 /* threeViewController.m */,
				3FF5088F1EBE2453002ECEA7 /* threeViewController.xib */,
				3FF508901EBE2453002ECEA7 /* twoViewController.h */,
				3FF508911EBE2453002ECEA7 /* twoViewController.m */,
				3FF508921EBE2453002ECEA7 /* twoViewController.xib */,
				3FF508931EBE2453002ECEA7 /* ViewController.h */,
				3FF508941EBE2453002ECEA7 /* ViewController.m */,
				3FF508951EBE2453002ECEA7 /* ZJViewController.h */,
				3FF508961EBE2453002ECEA7 /* ZJViewController.m */,
				3FF508971EBE2453002ECEA7 /* ZJViewController.xib */,
			);
			path = "视觉效果";
			sourceTree = "<group>";
		};
/* End PBXGroup section */

/* Begin PBXNativeTarget section */
		3F8455B71E9C0EA300DC97C4 /* 核心动画 */ = {
			isa = PBXNativeTarget;
			buildConfigurationList = 3F8455CF1E9C0EA400DC97C4 /* Build configuration list for PBXNativeTarget "核心动画" */;
			buildPhases = (
				3F8455B41E9C0EA300DC97C4 /* Sources */,
				3F8455B51E9C0EA300DC97C4 /* Frameworks */,
				3F8455B61E9C0EA300DC97C4 /* Resources */,
			);
			buildRules = (
			);
			dependencies = (
			);
			name = "核心动画";
			productName = "核心动画";
			productReference = 3F8455B81E9C0EA300DC97C4 /* 核心动画.app */;
			productType = "com.apple.product-type.application";
		};
/* End PBXNativeTarget section */

/* Begin PBXProject section */
		3F8455B01E9C0EA300DC97C4 /* Project object */ = {
			isa = PBXProject;
			attributes = {
				LastUpgradeCheck = 0710;
				ORGANIZATIONNAME = zj;
				TargetAttributes = {
					3F8455B71E9C0EA300DC97C4 = {
						CreatedOnToolsVersion = 7.1;
						DevelopmentTeam = WV5UP98J28;
					};
				};
			};
			buildConfigurationList = 3F8455B31E9C0EA300DC97C4 /* Build configuration list for PBXProject "核心动画" */;
			compatibilityVersion = "Xcode 3.2";
			developmentRegion = English;
			hasScannedForEncodings = 0;
			knownRegions = (
				en,
				Base,
			);
			mainGroup = 3F8455AF1E9C0EA300DC97C4;
			productRefGroup = 3F8455B91E9C0EA300DC97C4 /* Products */;
			projectDirPath = "";
			projectRoot = "";
			targets = (
				3F8455B71E9C0EA300DC97C4 /* 核心动画 */,
			);
		};
/* End PBXProject section */

/* Begin PBXResourcesBuildPhase section */
		3F8455B61E9C0EA300DC97C4 /* Resources */ = {
			isa = PBXResourcesBuildPhase;
			buildActionMask = 2147483647;
			files = (
				3FF5089A1EBE2453002ECEA7 /* LaunchScreen.storyboard in Resources */,
				3FF508981EBE2453002ECEA7 /* Assets.xcassets in Resources */,
				3FF508A51EBE2453002ECEA7 /* maskViewController.xib in Resources */,
				3FF508A81EBE2453002ECEA7 /* threeViewController.xib in Resources */,
				3FF508701EBE1F25002ECEA7 /* Default-568h@2x.png in Resources */,
				3FF508AA1EBE2453002ECEA7 /* twoViewController.xib in Resources */,
				3FF508AD1EBE2453002ECEA7 /* ZJViewController.xib in Resources */,
				3FF5089C1EBE2453002ECEA7 /* Info.plist in Resources */,
				3FF508A11EBE2453002ECEA7 /* DealImageViewController.xib in Resources */,
				3FF5089B1EBE2453002ECEA7 /* Main.storyboard in Resources */,
				3FF508A31EBE2453002ECEA7 /* fourViewController.xib in Resources */,
			);
			runOnlyForDeploymentPostprocessing = 0;
		};
/* End PBXResourcesBuildPhase section */

/* Begin PBXSourcesBuildPhase section */
		3F8455B41E9C0EA300DC97C4 /* Sources */ = {
			isa = PBXSourcesBuildPhase;
			buildActionMask = 2147483647;
			files = (
				3FF508AC1EBE2453002ECEA7 /* ZJViewController.m in Sources */,
				3FF5089F1EBE2453002ECEA7 /* VisualeffectTableViewController.m in Sources */,
				3FF5089D1EBE2453002ECEA7 /* main.m in Sources */,
				3FF508A21EBE2453002ECEA7 /* fourViewController.m in Sources */,
				3FF5089E1EBE2453002ECEA7 /* TableViewController.m in Sources */,
				3FF508991EBE2453002ECEA7 /* AppDelegate.m in Sources */,
				3FF508AB1EBE2453002ECEA7 /* ViewController.m in Sources */,
				3FF508A01EBE2453002ECEA7 /* DealImageViewController.m in Sources */,
				3FF508A71EBE2453002ECEA7 /* threeViewController.m in Sources */,
				3FF508A41EBE2453002ECEA7 /* maskViewController.m in Sources */,
				3FF508A61EBE2453002ECEA7 /* oneViewController.m in Sources */,
				3FF508A91EBE2453002ECEA7 /* twoViewController.m in Sources */,
			);
			runOnlyForDeploymentPostprocessing = 0;
		};
/* End PBXSourcesBuildPhase section */

/* Begin PBXVariantGroup section */
		3FF508761EBE2452002ECEA7 /* LaunchScreen.storyboard */ = {
			isa = PBXVariantGroup;
			children = (
				3FF508771EBE2452002ECEA7 /* Base */,
			);
			name = LaunchScreen.storyboard;
			sourceTree = "<group>";
		};
		3FF508781EBE2452002ECEA7 /* Main.storyboard */ = {
			isa = PBXVariantGroup;
			children = (
				3FF508791EBE2452002ECEA7 /* Base */,
			);
			name = Main.storyboard;
			sourceTree = "<group>";
		};
/* End PBXVariantGroup section */

/* Begin XCBuildConfiguration section */
		3F8455CD1E9C0EA400DC97C4 /* Debug */ = {
			isa = XCBuildConfiguration;
			buildSettings = {
				ALWAYS_SEARCH_USER_PATHS = NO;
				CLANG_CXX_LANGUAGE_STANDARD = "gnu++0x";
				CLANG_CXX_LIBRARY = "libc++";
				CLANG_ENABLE_MODULES = YES;
				CLANG_ENABLE_OBJC_ARC = YES;
				CLANG_WARN_BOOL_CONVERSION = YES;
				CLANG_WARN_CONSTANT_CONVERSION = YES;
				CLANG_WARN_DIRECT_OBJC_ISA_USAGE = YES_ERROR;
				CLANG_WARN_EMPTY_BODY = YES;
				CLANG_WARN_ENUM_CONVERSION = YES;
				CLANG_WARN_INT_CONVERSION = YES;
				CLANG_WARN_OBJC_ROOT_CLASS = YES_ERROR;
				CLANG_WARN_UNREACHABLE_CODE = YES;
				CLANG_WARN__DUPLICATE_METHOD_MATCH = YES;
				"CODE_SIGN_IDENTITY[sdk=iphoneos*]" = "iPhone Developer";
				COPY_PHASE_STRIP = NO;
				DEBUG_INFORMATION_FORMAT = dwarf;
				ENABLE_STRICT_OBJC_MSGSEND = YES;
				ENABLE_TESTABILITY = YES;
				GCC_C_LANGUAGE_STANDARD = gnu99;
				GCC_DYNAMIC_NO_PIC = NO;
				GCC_NO_COMMON_BLOCKS = YES;
				GCC_OPTIMIZATION_LEVEL = 0;
				GCC_PREPROCESSOR_DEFINITIONS = (
					"DEBUG=1",
					"$(inherited)",
				);
				GCC_WARN_64_TO_32_BIT_CONVERSION = YES;
				GCC_WARN_ABOUT_RETURN_TYPE = YES_ERROR;
				GCC_WARN_UNDECLARED_SELECTOR = YES;
				GCC_WARN_UNINITIALIZED_AUTOS = YES_AGGRESSIVE;
				GCC_WARN_UNUSED_FUNCTION = YES;
				GCC_WARN_UNUSED_VARIABLE = YES;
				IPHONEOS_DEPLOYMENT_TARGET = 9.1;
				MTL_ENABLE_DEBUG_INFO = YES;
				ONLY_ACTIVE_ARCH = YES;
				SDKROOT = iphoneos;
				TARGETED_DEVICE_FAMILY = "1,2";
			};
			name = Debug;
		};
		3F8455CE1E9C0EA400DC97C4 /* Release */ = {
			isa = XCBuildConfiguration;
			buildSettings = {
				ALWAYS_SEARCH_USER_PATHS = NO;
				CLANG_CXX_LANGUAGE_STANDARD = "gnu++0x";
				CLANG_CXX_LIBRARY = "libc++";
				CLANG_ENABLE_MODULES = YES;
				CLANG_ENABLE_OBJC_ARC = YES;
				CLANG_WARN_BOOL_CONVERSION = YES;
				CLANG_WARN_CONSTANT_CONVERSION = YES;
				CLANG_WARN_DIRECT_OBJC_ISA_USAGE = YES_ERROR;
				CLANG_WARN_EMPTY_BODY = YES;
				CLANG_WARN_ENUM_CONVERSION = YES;
				CLANG_WARN_INT_CONVERSION = YES;
				CLANG_WARN_OBJC_ROOT_CLASS = YES_ERROR;
				CLANG_WARN_UNREACHABLE_CODE = YES;
				CLANG_WARN__DUPLICATE_METHOD_MATCH = YES;
				"CODE_SIGN_IDENTITY[sdk=iphoneos*]" = "iPhone Developer";
				COPY_PHASE_STRIP = NO;
				DEBUG_INFORMATION_FORMAT = "dwarf-with-dsym";
				ENABLE_NS_ASSERTIONS = NO;
				ENABLE_STRICT_OBJC_MSGSEND = YES;
				GCC_C_LANGUAGE_STANDARD = gnu99;
				GCC_NO_COMMON_BLOCKS = YES;
				GCC_WARN_64_TO_32_BIT_CONVERSION = YES;
				GCC_WARN_ABOUT_RETURN_TYPE = YES_ERROR;
				GCC_WARN_UNDECLARED_SELECTOR = YES;
				GCC_WARN_UNINITIALIZED_AUTOS = YES_AGGRESSIVE;
				GCC_WARN_UNUSED_FUNCTION = YES;
				GCC_WARN_UNUSED_VARIABLE = YES;
				IPHONEOS_DEPLOYMENT_TARGET = 9.1;
				MTL_ENABLE_DEBUG_INFO = NO;
				SDKROOT = iphoneos;
				TARGETED_DEVICE_FAMILY = "1,2";
				VALIDATE_PRODUCT = YES;
			};
			name = Release;
		};
		3F8455D01E9C0EA400DC97C4 /* Debug */ = {
			isa = XCBuildConfiguration;
			buildSettings = {
				ASSETCATALOG_COMPILER_APPICON_NAME = AppIcon;
				CODE_SIGN_IDENTITY = "iPhone Developer";
				INFOPLIST_FILE = "$(SRCROOT)/核心动画/Other/Info.plist";
				IPHONEOS_DEPLOYMENT_TARGET = 8.1;
				LD_RUNPATH_SEARCH_PATHS = "$(inherited) @executable_path/Frameworks";
				PRODUCT_BUNDLE_IDENTIFIER = com.zj.hxdh;
				PRODUCT_NAME = "$(TARGET_NAME)";
			};
			name = Debug;
		};
		3F8455D11E9C0EA400DC97C4 /* Release */ = {
			isa = XCBuildConfiguration;
			buildSettings = {
				ASSETCATALOG_COMPILER_APPICON_NAME = AppIcon;
				CODE_SIGN_IDENTITY = "iPhone Developer";
				INFOPLIST_FILE = "$(SRCROOT)/核心动画/Other/Info.plist";
				IPHONEOS_DEPLOYMENT_TARGET = 8.1;
				LD_RUNPATH_SEARCH_PATHS = "$(inherited) @executable_path/Frameworks";
				PRODUCT_BUNDLE_IDENTIFIER = com.zj.hxdh;
				PRODUCT_NAME = "$(TARGET_NAME)";
			};
			name = Release;
		};
/* End XCBuildConfiguration section */

/* Begin XCConfigurationList section */
		3F8455B31E9C0EA300DC97C4 /* Build configuration list for PBXProject "核心动画" */ = {
			isa = XCConfigurationList;
			buildConfigurations = (
				3F8455CD1E9C0EA400DC97C4 /* Debug */,
				3F8455CE1E9C0EA400DC97C4 /* Release */,
			);
			defaultConfigurationIsVisible = 0;
			defaultConfigurationName = Release;
		};
		3F8455CF1E9C0EA400DC97C4 /* Build configuration list for PBXNativeTarget "核心动画" */ = {
			isa = XCConfigurationList;
			buildConfigurations = (
				3F8455D01E9C0EA400DC97C4 /* Debug */,
				3F8455D11E9C0EA400DC97C4 /* Release */,
			);
			defaultConfigurationIsVisible = 0;
			defaultConfigurationName = Release;
		};
/* End XCConfigurationList section */
	};
	rootObject = 3F8455B01E9C0EA300DC97C4 /* Project object */;
}
